
Microsoft Visual Studio Solution File, Format Version 12.00
# Visual Studio 15
VisualStudioVersion = 15.0.27617.1
MinimumVisualStudioVersion = 10.0.40219.1
Project("{FAE04EC0-301F-11D3-BF4B-00C04F79EFBC}") = "CounterSample.Server", "CounterSample\CounterSample.Server\CounterSample.Server.csproj", "{A5BE61DD-BF39-44F0-8B27-C76F4D47BFAC}"
EndProject
Project("{FAE04EC0-301F-11D3-BF4B-00C04F79EFBC}") = "CounterSample.Client", "CounterSample\CounterSample.Client\CounterSample.Client.csproj", "{065E6012-8027-4DCA-BBA6-B50FE1198549}"
EndProject
Project("{FAE04EC0-301F-11D3-BF4B-00C04F79EFBC}") = "CounterSample.Shared", "CounterSample\CounterSample.Shared\CounterSample.Shared.csproj", "{307C3B1F-2F15-4250-BCA1-44D1B1F6F736}"
EndProject
Global
	GlobalSection(SolutionConfigurationPlatforms) = preSolution
		Debug|Any CPU = Debug|Any CPU
		Release|Any CPU = Release|Any CPU
	EndGlobalSection
	GlobalSection(ProjectConfigurationPlatforms) = postSolution
		{A5BE61DD-BF39-44F0-8B27-C76F4D47BFAC}.Debug|Any CPU.ActiveCfg = Debug|Any CPU
		{A5BE61DD-BF39-44F0-8B27-C76F4D47BFAC}.Debug|Any CPU.Build.0 = Debug|Any CPU
		{A5BE61DD-BF39-44F0-8B27-C76F4D47BFAC}.Release|Any CPU.ActiveCfg = Release|Any CPU
		{A5BE61DD-BF39-44F0-8B27-C76F4D47BFAC}.Release|Any CPU.Build.0 = Release|Any CPU
		{065E6012-8027-4DCA-BBA6-B50FE1198549}.Debug|Any CPU.ActiveCfg = Debug|Any CPU
		{065E6012-8027-4DCA-BBA6-B50FE1198549}.Debug|Any CPU.Build.0 = Debug|Any CPU
		{065E6012-8027-4DCA-BBA6-B50FE1198549}.Release|Any CPU.ActiveCfg = Release|Any CPU
		{065E6012-8027-4DCA-BBA6-B50FE1198549}.Release|Any CPU.Build.0 = Release|Any CPU
		{307C3B1F-2F15-4250-BCA1-44D1B1F6F736}.Debug|Any CPU.ActiveCfg = Debug|Any CPU
		{307C3B1F-2F15-4250-BCA1-44D1B1F6F736}.Debug|Any CPU.Build.0 = Debug|Any CPU
		{307C3B1F-2F15-4250-BCA1-44D1B1F6F736}.Release|Any CPU.ActiveCfg = Release|Any CPU
		{307C3B1F-2F15-4250-BCA1-44D1B1F6F736}.Release|Any CPU.Build.0 = Release|Any CPU
	EndGlobalSection
	GlobalSection(SolutionProperties) = preSolution
		HideSolutionNode = FALSE
	EndGlobalSection
	GlobalSection(ExtensibilityGlobals) = postSolution
		SolutionGuid = {37AE5BBF-29B0-485C-8B4D-C710E5AEAFA8}
	EndGlobalSection
EndGlobal
