
Microsoft Visual Studio Solution File, Format Version 12.00
# Visual Studio 15
VisualStudioVersion = 15.0.27617.1
MinimumVisualStudioVersion = 10.0.40219.1
Project("{FAE04EC0-301F-11D3-BF4B-00C04F79EFBC}") = "Blazor.Fluxor", "Blazor.Fluxor\Blazor.Fluxor.csproj", "{4BB37B69-EA1B-4764-AE0D-3CD5CCF3C83D}"
EndProject
Global
	GlobalSection(SolutionConfigurationPlatforms) = preSolution
		Debug|Any CPU = Debug|Any CPU
		Release|Any CPU = Release|Any CPU
	EndGlobalSection
	GlobalSection(ProjectConfigurationPlatforms) = postSolution
		{4BB37B69-EA1B-4764-AE0D-3CD5CCF3C83D}.Debug|Any CPU.ActiveCfg = Debug|Any CPU
		{4BB37B69-EA1B-4764-AE0D-3CD5CCF3C83D}.Debug|Any CPU.Build.0 = Debug|Any CPU
		{4BB37B69-EA1B-4764-AE0D-3CD5CCF3C83D}.Release|Any CPU.ActiveCfg = Release|Any CPU
		{4BB37B69-EA1B-4764-AE0D-3CD5CCF3C83D}.Release|Any CPU.Build.0 = Release|Any CPU
	EndGlobalSection
	GlobalSection(SolutionProperties) = preSolution
		HideSolutionNode = FALSE
	EndGlobalSection
	GlobalSection(ExtensibilityGlobals) = postSolution
		SolutionGuid = {B1F2E0DF-C651-48A3-83E3-3B77D34EC3A2}
	EndGlobalSection
EndGlobal
